schema: '2.0'
stages:
  get_data:
    cmd: python get_data.py
    deps:
    - path: get_data.py
      hash: md5
      md5: a647766c2bddffeddf0218936f82a716
      size: 306
    outs:
    - path: data/data_raw.csv
      hash: md5
      md5: 500a0acbd112b7c512929eac892f9864
      size: 4009
  train:
    cmd: python train.py
    deps:
    - path: data/data_raw.csv
      hash: md5
      md5: 500a0acbd112b7c512929eac892f9864
      size: 4009
    - path: train.py
      hash: md5
      md5: 8501e39d205e75e4a9f536048461d164
      size: 873
    outs:
    - path: confusion_matrix.png
      hash: md5
      md5: 213544d6ae28fa9edc0e8b02ac154c7f
      size: 21344
    - path: metrics.json
      hash: md5
      md5: 484dae7eea13316cdc4bcf54825b3e80
      size: 32
